<?xml version="1.0" encoding="utf-8"?>
<Project ToolsVersion="4.0" xmlns="http://schemas.microsoft.com/developer/msbuild/2003">
  <ItemGroup>
    <Filter Include="Fichiers sources">
      <UniqueIdentifier>{4FC737F1-C7A5-4376-A066-2A32D752A2FF}</UniqueIdentifier>
      <Extensions>cpp;c;cc;cxx;c++;cppm;ixx;def;odl;idl;hpj;bat;asm;asmx</Extensions>
    </Filter>
    <Filter Include="Fichiers d%27en-tête">
      <UniqueIdentifier>{93995380-89BD-4b04-88EB-625FBE52EBFB}</UniqueIdentifier>
      <Extensions>h;hh;hpp;hxx;h++;hm;inl;inc;ipp;xsd</Extensions>
    </Filter>
    <Filter Include="Fichiers de ressources">
      <UniqueIdentifier>{67DA6AB6-F800-4c08-8B7A-83BB121AAD01}</UniqueIdentifier>
      <Extensions>rc;ico;cur;bmp;dlg;rc2;rct;bin;rgs;gif;jpg;jpeg;jpe;resx;tiff;tif;png;wav;mfcribbon-ms</Extensions>
    </Filter>
  </ItemGroup>
  <ItemGroup>
    <ClCompile Include="Main.cpp">
      <Filter>Fichiers sources</Filter>
    </ClCompile>
    <ClCompile Include="SimpleEngine\Utils\Log.cpp">
      <Filter>Fichiers sources</Filter>
    </ClCompile>
    <ClCompile Include="SimpleEngine\Utils\Random.cpp">
      <Filter>Fichiers sources</Filter>
    </ClCompile>
    <ClCompile Include="SimpleEngine\Maths\Rectangle.cpp">
      <Filter>Fichiers sources</Filter>
    </ClCompile>
    <ClCompile Include="SimpleEngine\Maths\Vector2.cpp">
      <Filter>Fichiers sources</Filter>
    </ClCompile>
    <ClCompile Include="SimpleEngine\Assets\Assets.cpp">
      <Filter>Fichiers sources</Filter>
    </ClCompile>
    <ClCompile Include="SimpleEngine\Game.cpp">
      <Filter>Fichiers sources</Filter>
    </ClCompile>
    <ClCompile Include="SimpleEngine\Renderer.cpp">
      <Filter>Fichiers sources</Filter>
    </ClCompile>
    <ClCompile Include="SimpleEngine\Assets\Texture.cpp">
      <Filter>Fichiers sources</Filter>
    </ClCompile>
    <ClCompile Include="SimpleEngine\Timer.cpp">
      <Filter>Fichiers sources</Filter>
    </ClCompile>
    <ClCompile Include="SimpleEngine\Window.cpp">
      <Filter>Fichiers sources</Filter>
    </ClCompile>
    <ClCompile Include="SimpleEngine\ActorsComponents\Actor.cpp">
      <Filter>Fichiers sources</Filter>
    </ClCompile>
    <ClCompile Include="SimpleEngine\ActorsComponents\Component.cpp">
      <Filter>Fichiers sources</Filter>
    </ClCompile>
    <ClCompile Include="SimpleEngine\ActorsComponents\Components\CollisionComponents\CircleCollisionComponent.cpp">
      <Filter>Fichiers sources</Filter>
    </ClCompile>
    <ClCompile Include="SimpleEngine\ActorsComponents\Components\MoveComponents\InputMoveComponent.cpp">
      <Filter>Fichiers sources</Filter>
    </ClCompile>
    <ClCompile Include="SimpleEngine\ActorsComponents\Components\MoveComponents\MoveComponent.cpp">
      <Filter>Fichiers sources</Filter>
    </ClCompile>
    <ClCompile Include="SimpleEngine\ActorsComponents\Components\CollisionComponents\RectangleCollisionComponent.cpp">
      <Filter>Fichiers sources</Filter>
    </ClCompile>
    <ClCompile Include="SimpleEngine\ActorsComponents\Components\DrawComponents\DrawSpriteComponent.cpp">
      <Filter>Fichiers sources</Filter>
    </ClCompile>
    <ClCompile Include="SimpleEngine\Camera.cpp">
      <Filter>Fichiers sources</Filter>
    </ClCompile>
    <ClCompile Include="Games\Tests\TestScene.cpp">
      <Filter>Fichiers sources</Filter>
    </ClCompile>
    <ClCompile Include="SimpleEngine\Utils\Color.cpp">
      <Filter>Fichiers sources</Filter>
    </ClCompile>
    <ClCompile Include="SimpleEngine\ActorsComponents\Components\DrawComponents\DrawComponent.cpp">
      <Filter>Fichiers sources</Filter>
    </ClCompile>
    <ClCompile Include="SimpleEngine\ActorsComponents\Components\DrawComponents\DrawRectComponent.cpp">
      <Filter>Fichiers sources</Filter>
    </ClCompile>
    <ClCompile Include="SimpleEngine\Assets\Font.cpp">
      <Filter>Fichiers sources</Filter>
    </ClCompile>
    <ClCompile Include="SimpleEngine\ActorsComponents\Components\DrawComponents\DrawTextComponent.cpp">
      <Filter>Fichiers sources</Filter>
    </ClCompile>
    <ClCompile Include="SimpleEngine\ActorsComponents\Components\ScreenBorderInteractionComponent.cpp">
      <Filter>Fichiers sources</Filter>
    </ClCompile>
    <ClCompile Include="SimpleEngine\ActorsComponents\Components\DrawComponents\DrawCircleComponent.cpp">
      <Filter>Fichiers sources</Filter>
    </ClCompile>
    <ClCompile Include="Games\Pong\PongScene.cpp">
      <Filter>Fichiers sources</Filter>
    </ClCompile>
    <ClCompile Include="Games\Pong\ActorsComponents\PongBall.cpp">
      <Filter>Fichiers sources</Filter>
    </ClCompile>
    <ClCompile Include="Games\Pong\ActorsComponents\Paddle.cpp">
      <Filter>Fichiers sources</Filter>
    </ClCompile>
    <ClCompile Include="Games\Pong\ActorsComponents\PlayerPaddle.cpp">
      <Filter>Fichiers sources</Filter>
    </ClCompile>
    <ClCompile Include="SimpleEngine\ActorsComponents\Components\MoveComponents\MouseMoveComponent.cpp">
      <Filter>Fichiers sources</Filter>
    </ClCompile>
    <ClCompile Include="Games\Pong\ActorsComponents\PongManager.cpp">
      <Filter>Fichiers sources</Filter>
    </ClCompile>
    <ClCompile Include="Games\Pong\ActorsComponents\CPUPaddle.cpp">
      <Filter>Fichiers sources</Filter>
    </ClCompile>
    <ClCompile Include="SimpleEngine\ActorsComponents\Components\MoveComponents\VelocityMoveComponent.cpp">
      <Filter>Fichiers sources</Filter>
    </ClCompile>
    <ClCompile Include="SimpleEngine\ActorsComponents\Components\GridComponents\GridComponent.cpp">
      <Filter>Fichiers sources</Filter>
    </ClCompile>
    <ClCompile Include="SimpleEngine\ActorsComponents\Components\GridComponents\GridTileDraw.cpp">
      <Filter>Fichiers sources</Filter>
    </ClCompile>
    <ClCompile Include="SimpleEngine\ActorsComponents\Components\GridComponents\GridTileDrawRectangle.cpp">
      <Filter>Fichiers sources</Filter>
    </ClCompile>
    <ClCompile Include="SimpleEngine\ActorsComponents\Components\GridComponents\GridTileDrawSprite.cpp">
      <Filter>Fichiers sources</Filter>
    </ClCompile>
    <ClCompile Include="Games\BrickBreaker\BreakerScene.cpp">
      <Filter>Fichiers sources</Filter>
    </ClCompile>
    <ClCompile Include="Games\BrickBreaker\ActorsComponents\BreakerPaddle.cpp">
      <Filter>Fichiers sources</Filter>
    </ClCompile>
    <ClCompile Include="Games\BrickBreaker\ActorsComponents\BreakerBall.cpp">
      <Filter>Fichiers sources</Filter>
    </ClCompile>
    <ClCompile Include="Games\BrickBreaker\ActorsComponents\BreakerManager.cpp">
      <Filter>Fichiers sources</Filter>
    </ClCompile>
    <ClCompile Include="Games\BrickBreaker\ActorsComponents\BreakerGrid.cpp">
      <Filter>Fichiers sources</Filter>
    </ClCompile>
    <ClCompile Include="SimpleEngine\Assets\GridMap.cpp">
      <Filter>Fichiers sources</Filter>
    </ClCompile>
    <ClCompile Include="Games\Racing\RacingScene.cpp">
      <Filter>Fichiers sources</Filter>
    </ClCompile>
    <ClCompile Include="Games\Racing\ActorsComponents\RacingTrack.cpp">
      <Filter>Fichiers sources</Filter>
    </ClCompile>
    <ClCompile Include="Games\Racing\ActorsComponents\PlayerCar.cpp">
      <Filter>Fichiers sources</Filter>
    </ClCompile>
    <ClCompile Include="SimpleEngine\ActorsComponents\Components\MoveComponents\RotationInputMoveComponent.cpp">
      <Filter>Fichiers sources</Filter>
    </ClCompile>
    <ClCompile Include="Games\Racing\ActorsComponents\RacingManager.cpp">
      <Filter>Fichiers sources</Filter>
    </ClCompile>
    <ClCompile Include="SimpleEngine\Maths\Vector3.cpp">
      <Filter>Fichiers sources</Filter>
    </ClCompile>
    <ClCompile Include="SimpleEngine\Maths\Quaternion.cpp">
      <Filter>Fichiers sources</Filter>
    </ClCompile>
    <ClCompile Include="SimpleEngine\Maths\Matrix4.cpp">
      <Filter>Fichiers sources</Filter>
    </ClCompile>
    <ClCompile Include="Games\Warrior\WarriorScene.cpp">
      <Filter>Fichiers sources</Filter>
    </ClCompile>
    <ClCompile Include="Games\Warrior\ActorsComponents\WarriorPlayer.cpp">
      <Filter>Fichiers sources</Filter>
    </ClCompile>
    <ClCompile Include="Games\Warrior\ActorsComponents\WarriorManager.cpp">
      <Filter>Fichiers sources</Filter>
    </ClCompile>
    <ClCompile Include="Games\Warrior\ActorsComponents\WarriorGrids.cpp">
      <Filter>Fichiers sources</Filter>
    </ClCompile>
  </ItemGroup>
  <ItemGroup>
    <ClInclude Include="SimpleEngine\Window.h">
      <Filter>Fichiers d%27en-tête</Filter>
    </ClInclude>
    <ClInclude Include="SimpleEngine\Utils\Log.h">
      <Filter>Fichiers d%27en-tête</Filter>
    </ClInclude>
    <ClInclude Include="SimpleEngine\Maths\Maths.h">
      <Filter>Fichiers d%27en-tête</Filter>
    </ClInclude>
    <ClInclude Include="SimpleEngine\Utils\Random.h">
      <Filter>Fichiers d%27en-tête</Filter>
    </ClInclude>
    <ClInclude Include="SimpleEngine\Maths\Rectangle.h">
      <Filter>Fichiers d%27en-tête</Filter>
    </ClInclude>
    <ClInclude Include="SimpleEngine\Maths\Vector2.h">
      <Filter>Fichiers d%27en-tête</Filter>
    </ClInclude>
    <ClInclude Include="SimpleEngine\Assets\Assets.h">
      <Filter>Fichiers d%27en-tête</Filter>
    </ClInclude>
    <ClInclude Include="SimpleEngine\Game.h">
      <Filter>Fichiers d%27en-tête</Filter>
    </ClInclude>
    <ClInclude Include="SimpleEngine\Renderer.h">
      <Filter>Fichiers d%27en-tête</Filter>
    </ClInclude>
    <ClInclude Include="SimpleEngine\Assets\Texture.h">
      <Filter>Fichiers d%27en-tête</Filter>
    </ClInclude>
    <ClInclude Include="SimpleEngine\Timer.h">
      <Filter>Fichiers d%27en-tête</Filter>
    </ClInclude>
    <ClInclude Include="SimpleEngine\ActorsComponents\Component.h">
      <Filter>Fichiers d%27en-tête</Filter>
    </ClInclude>
    <ClInclude Include="SimpleEngine\ActorsComponents\Actor.h">
      <Filter>Fichiers d%27en-tête</Filter>
    </ClInclude>
    <ClInclude Include="Games\Tests\Main.h">
      <Filter>Fichiers d%27en-tête</Filter>
    </ClInclude>
    <ClInclude Include="SimpleEngine\ActorsComponents\Components\CollisionComponents\CircleCollisionComponent.h">
      <Filter>Fichiers d%27en-tête</Filter>
    </ClInclude>
    <ClInclude Include="SimpleEngine\ActorsComponents\Components\MoveComponents\InputMoveComponent.h">
      <Filter>Fichiers d%27en-tête</Filter>
    </ClInclude>
    <ClInclude Include="SimpleEngine\ActorsComponents\Components\MoveComponents\MoveComponent.h">
      <Filter>Fichiers d%27en-tête</Filter>
    </ClInclude>
    <ClInclude Include="SimpleEngine\ActorsComponents\Components\CollisionComponents\RectangleCollisionComponent.h">
      <Filter>Fichiers d%27en-tête</Filter>
    </ClInclude>
    <ClInclude Include="SimpleEngine\ActorsComponents\Components\DrawComponents\DrawSpriteComponent.h">
      <Filter>Fichiers d%27en-tête</Filter>
    </ClInclude>
    <ClInclude Include="SimpleEngine\Camera.h">
      <Filter>Fichiers d%27en-tête</Filter>
    </ClInclude>
    <ClInclude Include="SimpleEngine\IScene.h">
      <Filter>Fichiers d%27en-tête</Filter>
    </ClInclude>
    <ClInclude Include="Games\Tests\TestScene.h">
      <Filter>Fichiers d%27en-tête</Filter>
    </ClInclude>
    <ClInclude Include="SimpleEngine\Utils\Color.h">
      <Filter>Fichiers d%27en-tête</Filter>
    </ClInclude>
    <ClInclude Include="SimpleEngine\ActorsComponents\Components\DrawComponents\DrawComponent.h">
      <Filter>Fichiers d%27en-tête</Filter>
    </ClInclude>
    <ClInclude Include="SimpleEngine\ActorsComponents\Components\DrawComponents\DrawRectComponent.h">
      <Filter>Fichiers d%27en-tête</Filter>
    </ClInclude>
    <ClInclude Include="SimpleEngine\Assets\Font.h">
      <Filter>Fichiers d%27en-tête</Filter>
    </ClInclude>
    <ClInclude Include="SimpleEngine\ActorsComponents\Components\DrawComponents\DrawTextComponent.h">
      <Filter>Fichiers d%27en-tête</Filter>
    </ClInclude>
    <ClInclude Include="SimpleEngine\ActorsComponents\Components\CollisionComponents\ICollision.h">
      <Filter>Fichiers d%27en-tête</Filter>
    </ClInclude>
    <ClInclude Include="SimpleEngine\ActorsComponents\Components\ScreenBorderInteractionComponent.h">
      <Filter>Fichiers d%27en-tête</Filter>
    </ClInclude>
    <ClInclude Include="SimpleEngine\ActorsComponents\Components\DrawComponents\DrawCircleComponent.h">
      <Filter>Fichiers d%27en-tête</Filter>
    </ClInclude>
    <ClInclude Include="Games\Pong\Main.h">
      <Filter>Fichiers d%27en-tête</Filter>
    </ClInclude>
    <ClInclude Include="Games\Pong\PongScene.h">
      <Filter>Fichiers d%27en-tête</Filter>
    </ClInclude>
    <ClInclude Include="Games\Pong\ActorsComponents\PongBall.h">
      <Filter>Fichiers d%27en-tête</Filter>
    </ClInclude>
    <ClInclude Include="Games\Pong\ActorsComponents\Paddle.h">
      <Filter>Fichiers d%27en-tête</Filter>
    </ClInclude>
    <ClInclude Include="Games\Pong\ActorsComponents\PlayerPaddle.h">
      <Filter>Fichiers d%27en-tête</Filter>
    </ClInclude>
    <ClInclude Include="SimpleEngine\ActorsComponents\Components\MoveComponents\MouseMoveComponent.h">
      <Filter>Fichiers d%27en-tête</Filter>
    </ClInclude>
    <ClInclude Include="Games\Pong\ActorsComponents\PongManager.h">
      <Filter>Fichiers d%27en-tête</Filter>
    </ClInclude>
    <ClInclude Include="Games\Pong\ActorsComponents\CPUPaddle.h">
      <Filter>Fichiers d%27en-tête</Filter>
    </ClInclude>
    <ClInclude Include="SimpleEngine\ActorsComponents\Components\MoveComponents\VelocityMoveComponent.h">
      <Filter>Fichiers d%27en-tête</Filter>
    </ClInclude>
    <ClInclude Include="SimpleEngine\ActorsComponents\Components\GridComponents\GridComponent.h">
      <Filter>Fichiers d%27en-tête</Filter>
    </ClInclude>
    <ClInclude Include="SimpleEngine\ActorsComponents\Components\GridComponents\GridTileDraw.h">
      <Filter>Fichiers d%27en-tête</Filter>
    </ClInclude>
    <ClInclude Include="SimpleEngine\ActorsComponents\Components\GridComponents\GridTileDrawRectangle.h">
      <Filter>Fichiers d%27en-tête</Filter>
    </ClInclude>
    <ClInclude Include="SimpleEngine\ActorsComponents\Components\GridComponents\GridTileDrawSprite.h">
      <Filter>Fichiers d%27en-tête</Filter>
    </ClInclude>
    <ClInclude Include="Games\BrickBreaker\Main.h">
      <Filter>Fichiers d%27en-tête</Filter>
    </ClInclude>
    <ClInclude Include="Games\BrickBreaker\BreakerScene.h">
      <Filter>Fichiers d%27en-tête</Filter>
    </ClInclude>
    <ClInclude Include="Games\BrickBreaker\ActorsComponents\BreakerPaddle.h">
      <Filter>Fichiers d%27en-tête</Filter>
    </ClInclude>
    <ClInclude Include="Games\BrickBreaker\ActorsComponents\BreakerBall.h">
      <Filter>Fichiers d%27en-tête</Filter>
    </ClInclude>
    <ClInclude Include="Games\BrickBreaker\ActorsComponents\BreakerManager.h">
      <Filter>Fichiers d%27en-tête</Filter>
    </ClInclude>
    <ClInclude Include="Games\BrickBreaker\ActorsComponents\BreakerGrid.h">
      <Filter>Fichiers d%27en-tête</Filter>
    </ClInclude>
    <ClInclude Include="SimpleEngine\Assets\GridMap.h">
      <Filter>Fichiers d%27en-tête</Filter>
    </ClInclude>
    <ClInclude Include="Games\Racing\Main.h">
      <Filter>Fichiers d%27en-tête</Filter>
    </ClInclude>
    <ClInclude Include="Games\Racing\RacingScene.h">
      <Filter>Fichiers d%27en-tête</Filter>
    </ClInclude>
    <ClInclude Include="Games\Racing\ActorsComponents\RacingTrack.h">
      <Filter>Fichiers d%27en-tête</Filter>
    </ClInclude>
    <ClInclude Include="Games\Racing\ActorsComponents\PlayerCar.h">
      <Filter>Fichiers d%27en-tête</Filter>
    </ClInclude>
    <ClInclude Include="SimpleEngine\ActorsComponents\Components\MoveComponents\RotationInputMoveComponent.h">
      <Filter>Fichiers d%27en-tête</Filter>
    </ClInclude>
    <ClInclude Include="Games\Racing\ActorsComponents\RacingManager.h">
      <Filter>Fichiers d%27en-tête</Filter>
    </ClInclude>
    <ClInclude Include="SimpleEngine\Maths\Vector3.h">
      <Filter>Fichiers d%27en-tête</Filter>
    </ClInclude>
    <ClInclude Include="SimpleEngine\Maths\Quaternion.h">
      <Filter>Fichiers d%27en-tête</Filter>
    </ClInclude>
    <ClInclude Include="SimpleEngine\Maths\Matrix4.h">
      <Filter>Fichiers d%27en-tête</Filter>
    </ClInclude>
    <ClInclude Include="Games\Warrior\Main.h">
      <Filter>Fichiers d%27en-tête</Filter>
    </ClInclude>
    <ClInclude Include="Games\Warrior\WarriorScene.h">
      <Filter>Fichiers d%27en-tête</Filter>
    </ClInclude>
    <ClInclude Include="Games\Warrior\ActorsComponents\WarriorPlayer.h">
      <Filter>Fichiers d%27en-tête</Filter>
    </ClInclude>
    <ClInclude Include="Games\Warrior\ActorsComponents\WarriorManager.h">
      <Filter>Fichiers d%27en-tête</Filter>
    </ClInclude>
    <ClInclude Include="Games\Warrior\ActorsComponents\WarriorGrids.h">
      <Filter>Fichiers d%27en-tête</Filter>
    </ClInclude>
  </ItemGroup>
</Project>